{
  "name": "revenue-engineer-v3",
  "version": "1.0.0",
  "lockfileVersion": 3,
  "requires": true,
  "packages": {
    "": {
      "name": "revenue-engineer-v3",
      "version": "1.0.0",
      "license": "ISC",
      "dependencies": {
        "port-registry": "file:../ports"
      }
    },
    "../ports": {
      "name": "port-registry",
      "version": "1.0.0",
      "license": "MIT",
      "dependencies": {
        "@fastify/cors": "^10.0.0",
        "@fastify/static": "^8.0.0",
        "better-sqlite3": "^11.0.0",
        "fastify": "^5.0.0"
      },
      "bin": {
        "port-registry": "src/server.js",
        "port-wrap": "src/wrap.js"
      },
      "devDependencies": {}
    },
    "node_modules/port-registry": {
      "resolved": "../ports",
      "link": true
    }
  }
}
